// !$*UTF8*$!
{
	archiveVersion = 1;
	classes = {
	};
	objectVersion = 45;
	objects = {

/* Begin PBXBuildFile section */
		1D3623260D0F684500981E51 /* funrunAppDelegate.m in Sources */ = {isa = PBXBuildFile; fileRef = 1D3623250D0F684500981E51 /* funrunAppDelegate.m */; };
		1D60589B0D05DD56006BFB54 /* main.m in Sources */ = {isa = PBXBuildFile; fileRef = 29B97316FDCFA39411CA2CEA /* main.m */; };
		1D60589F0D05DD5A006BFB54 /* Foundation.framework in Frameworks */ = {isa = PBXBuildFile; fileRef = 1D30AB110D05D00D00671497 /* Foundation.framework */; };
		1DF5F4E00D08C38300B7A737 /* UIKit.framework in Frameworks */ = {isa = PBXBuildFile; fileRef = 1DF5F4DF0D08C38300B7A737 /* UIKit.framework */; };
		28216C970DB411BC00E5133A /* FirstViewController.m in Sources */ = {isa = PBXBuildFile; fileRef = 28216C960DB411BC00E5133A /* FirstViewController.m */; };
		282CCBFE0DB6C98000C4EA27 /* SecondView.xib in Resources */ = {isa = PBXBuildFile; fileRef = 282CCBFD0DB6C98000C4EA27 /* SecondView.xib */; };
		2840D7CE1179279E00D7F93C /* FirstView.xib in Resources */ = {isa = PBXBuildFile; fileRef = 2840D7CD1179279E00D7F93C /* FirstView.xib */; };
		288765080DF74369002DB57D /* CoreGraphics.framework in Frameworks */ = {isa = PBXBuildFile; fileRef = 288765070DF74369002DB57D /* CoreGraphics.framework */; };
		28AD73880D9D96C1002E5188 /* MainWindow.xib in Resources */ = {isa = PBXBuildFile; fileRef = 28AD73870D9D96C1002E5188 /* MainWindow.xib */; };
		C99084BB12553E0500FC492A /* NSObject+SBJSON.m in Sources */ = {isa = PBXBuildFile; fileRef = C990849B12553E0500FC492A /* NSObject+SBJSON.m */; };
		C99084BC12553E0500FC492A /* NSString+SBJSON.m in Sources */ = {isa = PBXBuildFile; fileRef = C990849D12553E0500FC492A /* NSString+SBJSON.m */; };
		C99084BD12553E0500FC492A /* SBJsonBase.m in Sources */ = {isa = PBXBuildFile; fileRef = C990849F12553E0500FC492A /* SBJsonBase.m */; };
		C99084BE12553E0500FC492A /* SBJsonParser.m in Sources */ = {isa = PBXBuildFile; fileRef = C99084A112553E0500FC492A /* SBJsonParser.m */; };
		C99084BF12553E0500FC492A /* SBJsonWriter.m in Sources */ = {isa = PBXBuildFile; fileRef = C99084A312553E0500FC492A /* SBJsonWriter.m */; };
		C99084C012553E0500FC492A /* ASIAuthenticationDialog.m in Sources */ = {isa = PBXBuildFile; fileRef = C99084A612553E0500FC492A /* ASIAuthenticationDialog.m */; };
		C99084C112553E0500FC492A /* ASIDownloadCache.m in Sources */ = {isa = PBXBuildFile; fileRef = C99084A912553E0500FC492A /* ASIDownloadCache.m */; };
		C99084C212553E0500FC492A /* ASIFormDataRequest.m in Sources */ = {isa = PBXBuildFile; fileRef = C99084AB12553E0500FC492A /* ASIFormDataRequest.m */; };
		C99084C312553E0500FC492A /* ASIHTTPRequest.m in Sources */ = {isa = PBXBuildFile; fileRef = C99084AD12553E0500FC492A /* ASIHTTPRequest.m */; };
		C99084C412553E0500FC492A /* ASIInputStream.m in Sources */ = {isa = PBXBuildFile; fileRef = C99084B112553E0500FC492A /* ASIInputStream.m */; };
		C99084C512553E0500FC492A /* ASINetworkQueue.m in Sources */ = {isa = PBXBuildFile; fileRef = C99084B312553E0500FC492A /* ASINetworkQueue.m */; };
		C99084C612553E0500FC492A /* Reachability.m in Sources */ = {isa = PBXBuildFile; fileRef = C99084B612553E0500FC492A /* Reachability.m */; };
		C99084D312553EF900FC492A /* CFNetwork.framework in Frameworks */ = {isa = PBXBuildFile; fileRef = C99084D212553EF900FC492A /* CFNetwork.framework */; };
		C99084D512553EF900FC492A /* CoreLocation.framework in Frameworks */ = {isa = PBXBuildFile; fileRef = C99084D412553EF900FC492A /* CoreLocation.framework */; };
		C99084D712553EF900FC492A /* MobileCoreServices.framework in Frameworks */ = {isa = PBXBuildFile; fileRef = C99084D612553EF900FC492A /* MobileCoreServices.framework */; };
		C99084D912553EF900FC492A /* SystemConfiguration.framework in Frameworks */ = {isa = PBXBuildFile; fileRef = C99084D812553EF900FC492A /* SystemConfiguration.framework */; };
		C99084DB12553EF900FC492A /* libz.1.2.3.dylib in Frameworks */ = {isa = PBXBuildFile; fileRef = C99084DA12553EF900FC492A /* libz.1.2.3.dylib */; };
		C990859212553F5000FC492A /* VoiceServices.framework in Frameworks */ = {isa = PBXBuildFile; fileRef = C990859112553F5000FC492A /* VoiceServices.framework */; };
/* End PBXBuildFile section */

/* Begin PBXFileReference section */
		1D30AB110D05D00D00671497 /* Foundation.framework */ = {isa = PBXFileReference; lastKnownFileType = wrapper.framework; name = Foundation.framework; path = System/Library/Frameworks/Foundation.framework; sourceTree = SDKROOT; };
		1D3623240D0F684500981E51 /* funrunAppDelegate.h */ = {isa = PBXFileReference; fileEncoding = 4; lastKnownFileType = sourcecode.c.h; path = funrunAppDelegate.h; sourceTree = "<group>"; };
		1D3623250D0F684500981E51 /* funrunAppDelegate.m */ = {isa = PBXFileReference; fileEncoding = 4; lastKnownFileType = sourcecode.c.objc; path = funrunAppDelegate.m; sourceTree = "<group>"; };
		1D6058910D05DD3D006BFB54 /* funrun.app */ = {isa = PBXFileReference; explicitFileType = wrapper.application; includeInIndex = 0; path = funrun.app; sourceTree = BUILT_PRODUCTS_DIR; };
		1DF5F4DF0D08C38300B7A737 /* UIKit.framework */ = {isa = PBXFileReference; lastKnownFileType = wrapper.framework; name = UIKit.framework; path = System/Library/Frameworks/UIKit.framework; sourceTree = SDKROOT; };
		28216C950DB411BC00E5133A /* FirstViewController.h */ = {isa = PBXFileReference; fileEncoding = 4; lastKnownFileType = sourcecode.c.h; path = FirstViewController.h; sourceTree = "<group>"; };
		28216C960DB411BC00E5133A /* FirstViewController.m */ = {isa = PBXFileReference; fileEncoding = 4; lastKnownFileType = sourcecode.c.objc; path = FirstViewController.m; sourceTree = "<group>"; };
		282CCBFD0DB6C98000C4EA27 /* SecondView.xib */ = {isa = PBXFileReference; lastKnownFileType = file.xib; path = SecondView.xib; sourceTree = "<group>"; };
		2840D7CD1179279E00D7F93C /* FirstView.xib */ = {isa = PBXFileReference; lastKnownFileType = file.xib; path = FirstView.xib; sourceTree = "<group>"; };
		288765070DF74369002DB57D /* CoreGraphics.framework */ = {isa = PBXFileReference; lastKnownFileType = wrapper.framework; name = CoreGraphics.framework; path = System/Library/Frameworks/CoreGraphics.framework; sourceTree = SDKROOT; };
		28A0AB4B0D9B1048005BE974 /* funrun_Prefix.pch */ = {isa = PBXFileReference; fileEncoding = 4; lastKnownFileType = sourcecode.c.h; path = funrun_Prefix.pch; sourceTree = "<group>"; };
		28AD73870D9D96C1002E5188 /* MainWindow.xib */ = {isa = PBXFileReference; lastKnownFileType = file.xib; path = MainWindow.xib; sourceTree = "<group>"; };
		29B97316FDCFA39411CA2CEA /* main.m */ = {isa = PBXFileReference; fileEncoding = 4; lastKnownFileType = sourcecode.c.objc; path = main.m; sourceTree = "<group>"; };
		8D1107310486CEB800E47090 /* funrun-Info.plist */ = {isa = PBXFileReference; fileEncoding = 4; lastKnownFileType = text.plist.xml; path = "funrun-Info.plist"; plistStructureDefinitionIdentifier = "com.apple.xcode.plist.structure-definition.iphone.info-plist"; sourceTree = "<group>"; };
		C990849912553E0500FC492A /* JSON.h */ = {isa = PBXFileReference; fileEncoding = 4; lastKnownFileType = sourcecode.c.h; path = JSON.h; sourceTree = "<group>"; };
		C990849A12553E0500FC492A /* NSObject+SBJSON.h */ = {isa = PBXFileReference; fileEncoding = 4; lastKnownFileType = sourcecode.c.h; path = "NSObject+SBJSON.h"; sourceTree = "<group>"; };
		C990849B12553E0500FC492A /* NSObject+SBJSON.m */ = {isa = PBXFileReference; fileEncoding = 4; lastKnownFileType = sourcecode.c.objc; path = "NSObject+SBJSON.m"; sourceTree = "<group>"; };
		C990849C12553E0500FC492A /* NSString+SBJSON.h */ = {isa = PBXFileReference; fileEncoding = 4; lastKnownFileType = sourcecode.c.h; path = "NSString+SBJSON.h"; sourceTree = "<group>"; };
		C990849D12553E0500FC492A /* NSString+SBJSON.m */ = {isa = PBXFileReference; fileEncoding = 4; lastKnownFileType = sourcecode.c.objc; path = "NSString+SBJSON.m"; sourceTree = "<group>"; };
		C990849E12553E0500FC492A /* SBJsonBase.h */ = {isa = PBXFileReference; fileEncoding = 4; lastKnownFileType = sourcecode.c.h; path = SBJsonBase.h; sourceTree = "<group>"; };
		C990849F12553E0500FC492A /* SBJsonBase.m */ = {isa = PBXFileReference; fileEncoding = 4; lastKnownFileType = sourcecode.c.objc; path = SBJsonBase.m; sourceTree = "<group>"; };
		C99084A012553E0500FC492A /* SBJsonParser.h */ = {isa = PBXFileReference; fileEncoding = 4; lastKnownFileType = sourcecode.c.h; path = SBJsonParser.h; sourceTree = "<group>"; };
		C99084A112553E0500FC492A /* SBJsonParser.m */ = {isa = PBXFileReference; fileEncoding = 4; lastKnownFileType = sourcecode.c.objc; path = SBJsonParser.m; sourceTree = "<group>"; };
		C99084A212553E0500FC492A /* SBJsonWriter.h */ = {isa = PBXFileReference; fileEncoding = 4; lastKnownFileType = sourcecode.c.h; path = SBJsonWriter.h; sourceTree = "<group>"; };
		C99084A312553E0500FC492A /* SBJsonWriter.m */ = {isa = PBXFileReference; fileEncoding = 4; lastKnownFileType = sourcecode.c.objc; path = SBJsonWriter.m; sourceTree = "<group>"; };
		C99084A512553E0500FC492A /* ASIAuthenticationDialog.h */ = {isa = PBXFileReference; fileEncoding = 4; lastKnownFileType = sourcecode.c.h; path = ASIAuthenticationDialog.h; sourceTree = "<group>"; };
		C99084A612553E0500FC492A /* ASIAuthenticationDialog.m */ = {isa = PBXFileReference; fileEncoding = 4; lastKnownFileType = sourcecode.c.objc; path = ASIAuthenticationDialog.m; sourceTree = "<group>"; };
		C99084A712553E0500FC492A /* ASICacheDelegate.h */ = {isa = PBXFileReference; fileEncoding = 4; lastKnownFileType = sourcecode.c.h; path = ASICacheDelegate.h; sourceTree = "<group>"; };
		C99084A812553E0500FC492A /* ASIDownloadCache.h */ = {isa = PBXFileReference; fileEncoding = 4; lastKnownFileType = sourcecode.c.h; path = ASIDownloadCache.h; sourceTree = "<group>"; };
		C99084A912553E0500FC492A /* ASIDownloadCache.m */ = {isa = PBXFileReference; fileEncoding = 4; lastKnownFileType = sourcecode.c.objc; path = ASIDownloadCache.m; sourceTree = "<group>"; };
		C99084AA12553E0500FC492A /* ASIFormDataRequest.h */ = {isa = PBXFileReference; fileEncoding = 4; lastKnownFileType = sourcecode.c.h; path = ASIFormDataRequest.h; sourceTree = "<group>"; };
		C99084AB12553E0500FC492A /* ASIFormDataRequest.m */ = {isa = PBXFileReference; fileEncoding = 4; lastKnownFileType = sourcecode.c.objc; path = ASIFormDataRequest.m; sourceTree = "<group>"; };
		C99084AC12553E0500FC492A /* ASIHTTPRequest.h */ = {isa = PBXFileReference; fileEncoding = 4; lastKnownFileType = sourcecode.c.h; path = ASIHTTPRequest.h; sourceTree = "<group>"; };
		C99084AD12553E0500FC492A /* ASIHTTPRequest.m */ = {isa = PBXFileReference; fileEncoding = 4; lastKnownFileType = sourcecode.c.objc; path = ASIHTTPRequest.m; sourceTree = "<group>"; };
		C99084AE12553E0500FC492A /* ASIHTTPRequestConfig.h */ = {isa = PBXFileReference; fileEncoding = 4; lastKnownFileType = sourcecode.c.h; path = ASIHTTPRequestConfig.h; sourceTree = "<group>"; };
		C99084AF12553E0500FC492A /* ASIHTTPRequestDelegate.h */ = {isa = PBXFileReference; fileEncoding = 4; lastKnownFileType = sourcecode.c.h; path = ASIHTTPRequestDelegate.h; sourceTree = "<group>"; };
		C99084B012553E0500FC492A /* ASIInputStream.h */ = {isa = PBXFileReference; fileEncoding = 4; lastKnownFileType = sourcecode.c.h; path = ASIInputStream.h; sourceTree = "<group>"; };
		C99084B112553E0500FC492A /* ASIInputStream.m */ = {isa = PBXFileReference; fileEncoding = 4; lastKnownFileType = sourcecode.c.objc; path = ASIInputStream.m; sourceTree = "<group>"; };
		C99084B212553E0500FC492A /* ASINetworkQueue.h */ = {isa = PBXFileReference; fileEncoding = 4; lastKnownFileType = sourcecode.c.h; path = ASINetworkQueue.h; sourceTree = "<group>"; };
		C99084B312553E0500FC492A /* ASINetworkQueue.m */ = {isa = PBXFileReference; fileEncoding = 4; lastKnownFileType = sourcecode.c.objc; path = ASINetworkQueue.m; sourceTree = "<group>"; };
		C99084B412553E0500FC492A /* ASIProgressDelegate.h */ = {isa = PBXFileReference; fileEncoding = 4; lastKnownFileType = sourcecode.c.h; path = ASIProgressDelegate.h; sourceTree = "<group>"; };
		C99084B512553E0500FC492A /* Reachability.h */ = {isa = PBXFileReference; fileEncoding = 4; lastKnownFileType = sourcecode.c.h; path = Reachability.h; sourceTree = "<group>"; };
		C99084B612553E0500FC492A /* Reachability.m */ = {isa = PBXFileReference; fileEncoding = 4; lastKnownFileType = sourcecode.c.objc; path = Reachability.m; sourceTree = "<group>"; };
		C99084D212553EF900FC492A /* CFNetwork.framework */ = {isa = PBXFileReference; lastKnownFileType = wrapper.framework; name = CFNetwork.framework; path = System/Library/Frameworks/CFNetwork.framework; sourceTree = SDKROOT; };
		C99084D412553EF900FC492A /* CoreLocation.framework */ = {isa = PBXFileReference; lastKnownFileType = wrapper.framework; name = CoreLocation.framework; path = System/Library/Frameworks/CoreLocation.framework; sourceTree = SDKROOT; };
		C99084D612553EF900FC492A /* MobileCoreServices.framework */ = {isa = PBXFileReference; lastKnownFileType = wrapper.framework; name = MobileCoreServices.framework; path = System/Library/Frameworks/MobileCoreServices.framework; sourceTree = SDKROOT; };
		C99084D812553EF900FC492A /* SystemConfiguration.framework */ = {isa = PBXFileReference; lastKnownFileType = wrapper.framework; name = SystemConfiguration.framework; path = System/Library/Frameworks/SystemConfiguration.framework; sourceTree = SDKROOT; };
		C99084DA12553EF900FC492A /* libz.1.2.3.dylib */ = {isa = PBXFileReference; lastKnownFileType = "compiled.mach-o.dylib"; name = libz.1.2.3.dylib; path = usr/lib/libz.1.2.3.dylib; sourceTree = SDKROOT; };
		C990859112553F5000FC492A /* VoiceServices.framework */ = {isa = PBXFileReference; lastKnownFileType = wrapper.framework; name = VoiceServices.framework; path = System/Library/PrivateFrameworks/VoiceServices.framework; sourceTree = SDKROOT; };
/* End PBXFileReference section */

/* Begin PBXFrameworksBuildPhase section */
		1D60588F0D05DD3D006BFB54 /* Frameworks */ = {
			isa = PBXFrameworksBuildPhase;
			buildActionMask = 2147483647;
			files = (
				1D60589F0D05DD5A006BFB54 /* Foundation.framework in Frameworks */,
				1DF5F4E00D08C38300B7A737 /* UIKit.framework in Frameworks */,
				288765080DF74369002DB57D /* CoreGraphics.framework in Frameworks */,
				C99084D312553EF900FC492A /* CFNetwork.framework in Frameworks */,
				C99084D512553EF900FC492A /* CoreLocation.framework in Frameworks */,
				C99084D712553EF900FC492A /* MobileCoreServices.framework in Frameworks */,
				C99084D912553EF900FC492A /* SystemConfiguration.framework in Frameworks */,
				C99084DB12553EF900FC492A /* libz.1.2.3.dylib in Frameworks */,
				C990859212553F5000FC492A /* VoiceServices.framework in Frameworks */,
			);
			runOnlyForDeploymentPostprocessing = 0;
		};
/* End PBXFrameworksBuildPhase section */

/* Begin PBXGroup section */
		080E96DDFE201D6D7F000001 /* Classes */ = {
			isa = PBXGroup;
			children = (
				C990849812553E0500FC492A /* json */,
				C99084A412553E0500FC492A /* request */,
				28216C950DB411BC00E5133A /* FirstViewController.h */,
				28216C960DB411BC00E5133A /* FirstViewController.m */,
				1D3623240D0F684500981E51 /* funrunAppDelegate.h */,
				1D3623250D0F684500981E51 /* funrunAppDelegate.m */,
			);
			path = Classes;
			sourceTree = "<group>";
		};
		19C28FACFE9D520D11CA2CBB /* Products */ = {
			isa = PBXGroup;
			children = (
				1D6058910D05DD3D006BFB54 /* funrun.app */,
			);
			name = Products;
			sourceTree = "<group>";
		};
		29B97314FDCFA39411CA2CEA /* funrun */ = {
			isa = PBXGroup;
			children = (
				080E96DDFE201D6D7F000001 /* Classes */,
				29B97315FDCFA39411CA2CEA /* Other Sources */,
				29B97317FDCFA39411CA2CEA /* Resources */,
				29B97323FDCFA39411CA2CEA /* Frameworks */,
				19C28FACFE9D520D11CA2CBB /* Products */,
			);
			name = funrun;
			sourceTree = "<group>";
		};
		29B97315FDCFA39411CA2CEA /* Other Sources */ = {
			isa = PBXGroup;
			children = (
				28A0AB4B0D9B1048005BE974 /* funrun_Prefix.pch */,
				29B97316FDCFA39411CA2CEA /* main.m */,
			);
			name = "Other Sources";
			sourceTree = "<group>";
		};
		29B97317FDCFA39411CA2CEA /* Resources */ = {
			isa = PBXGroup;
			children = (
				2840D7CD1179279E00D7F93C /* FirstView.xib */,
				282CCBFD0DB6C98000C4EA27 /* SecondView.xib */,
				28AD73870D9D96C1002E5188 /* MainWindow.xib */,
				8D1107310486CEB800E47090 /* funrun-Info.plist */,
			);
			name = Resources;
			sourceTree = "<group>";
		};
		29B97323FDCFA39411CA2CEA /* Frameworks */ = {
			isa = PBXGroup;
			children = (
				1DF5F4DF0D08C38300B7A737 /* UIKit.framework */,
				1D30AB110D05D00D00671497 /* Foundation.framework */,
				288765070DF74369002DB57D /* CoreGraphics.framework */,
				C99084D212553EF900FC492A /* CFNetwork.framework */,
				C99084D412553EF900FC492A /* CoreLocation.framework */,
				C99084D612553EF900FC492A /* MobileCoreServices.framework */,
				C99084D812553EF900FC492A /* SystemConfiguration.framework */,
				C99084DA12553EF900FC492A /* libz.1.2.3.dylib */,
				C990859112553F5000FC492A /* VoiceServices.framework */,
			);
			name = Frameworks;
			sourceTree = "<group>";
		};
		C990849812553E0500FC492A /* json */ = {
			isa = PBXGroup;
			children = (
				C990849912553E0500FC492A /* JSON.h */,
				C990849A12553E0500FC492A /* NSObject+SBJSON.h */,
				C990849B12553E0500FC492A /* NSObject+SBJSON.m */,
				C990849C12553E0500FC492A /* NSString+SBJSON.h */,
				C990849D12553E0500FC492A /* NSString+SBJSON.m */,
				C990849E12553E0500FC492A /* SBJsonBase.h */,
				C990849F12553E0500FC492A /* SBJsonBase.m */,
				C99084A012553E0500FC492A /* SBJsonParser.h */,
				C99084A112553E0500FC492A /* SBJsonParser.m */,
				C99084A212553E0500FC492A /* SBJsonWriter.h */,
				C99084A312553E0500FC492A /* SBJsonWriter.m */,
			);
			path = json;
			sourceTree = "<group>";
		};
		C99084A412553E0500FC492A /* request */ = {
			isa = PBXGroup;
			children = (
				C99084A512553E0500FC492A /* ASIAuthenticationDialog.h */,
				C99084A612553E0500FC492A /* ASIAuthenticationDialog.m */,
				C99084A712553E0500FC492A /* ASICacheDelegate.h */,
				C99084A812553E0500FC492A /* ASIDownloadCache.h */,
				C99084A912553E0500FC492A /* ASIDownloadCache.m */,
				C99084AA12553E0500FC492A /* ASIFormDataRequest.h */,
				C99084AB12553E0500FC492A /* ASIFormDataRequest.m */,
				C99084AC12553E0500FC492A /* ASIHTTPRequest.h */,
				C99084AD12553E0500FC492A /* ASIHTTPRequest.m */,
				C99084AE12553E0500FC492A /* ASIHTTPRequestConfig.h */,
				C99084AF12553E0500FC492A /* ASIHTTPRequestDelegate.h */,
				C99084B012553E0500FC492A /* ASIInputStream.h */,
				C99084B112553E0500FC492A /* ASIInputStream.m */,
				C99084B212553E0500FC492A /* ASINetworkQueue.h */,
				C99084B312553E0500FC492A /* ASINetworkQueue.m */,
				C99084B412553E0500FC492A /* ASIProgressDelegate.h */,
				C99084B512553E0500FC492A /* Reachability.h */,
				C99084B612553E0500FC492A /* Reachability.m */,
			);
			path = request;
			sourceTree = "<group>";
		};
/* End PBXGroup section */

/* Begin PBXNativeTarget section */
		1D6058900D05DD3D006BFB54 /* funrun */ = {
			isa = PBXNativeTarget;
			buildConfigurationList = 1D6058960D05DD3E006BFB54 /* Build configuration list for PBXNativeTarget "funrun" */;
			buildPhases = (
				1D60588D0D05DD3D006BFB54 /* Resources */,
				1D60588E0D05DD3D006BFB54 /* Sources */,
				1D60588F0D05DD3D006BFB54 /* Frameworks */,
			);
			buildRules = (
			);
			dependencies = (
			);
			name = funrun;
			productName = funrun;
			productReference = 1D6058910D05DD3D006BFB54 /* funrun.app */;
			productType = "com.apple.product-type.application";
		};
/* End PBXNativeTarget section */

/* Begin PBXProject section */
		29B97313FDCFA39411CA2CEA /* Project object */ = {
			isa = PBXProject;
			buildConfigurationList = C01FCF4E08A954540054247B /* Build configuration list for PBXProject "funrun" */;
			compatibilityVersion = "Xcode 3.1";
			developmentRegion = English;
			hasScannedForEncodings = 1;
			knownRegions = (
				English,
				Japanese,
				French,
				German,
			);
			mainGroup = 29B97314FDCFA39411CA2CEA /* funrun */;
			projectDirPath = "";
			projectRoot = "";
			targets = (
				1D6058900D05DD3D006BFB54 /* funrun */,
			);
		};
/* End PBXProject section */

/* Begin PBXResourcesBuildPhase section */
		1D60588D0D05DD3D006BFB54 /* Resources */ = {
			isa = PBXResourcesBuildPhase;
			buildActionMask = 2147483647;
			files = (
				28AD73880D9D96C1002E5188 /* MainWindow.xib in Resources */,
				282CCBFE0DB6C98000C4EA27 /* SecondView.xib in Resources */,
				2840D7CE1179279E00D7F93C /* FirstView.xib in Resources */,
			);
			runOnlyForDeploymentPostprocessing = 0;
		};
/* End PBXResourcesBuildPhase section */

/* Begin PBXSourcesBuildPhase section */
		1D60588E0D05DD3D006BFB54 /* Sources */ = {
			isa = PBXSourcesBuildPhase;
			buildActionMask = 2147483647;
			files = (
				1D60589B0D05DD56006BFB54 /* main.m in Sources */,
				1D3623260D0F684500981E51 /* funrunAppDelegate.m in Sources */,
				28216C970DB411BC00E5133A /* FirstViewController.m in Sources */,
				C99084BB12553E0500FC492A /* NSObject+SBJSON.m in Sources */,
				C99084BC12553E0500FC492A /* NSString+SBJSON.m in Sources */,
				C99084BD12553E0500FC492A /* SBJsonBase.m in Sources */,
				C99084BE12553E0500FC492A /* SBJsonParser.m in Sources */,
				C99084BF12553E0500FC492A /* SBJsonWriter.m in Sources */,
				C99084C012553E0500FC492A /* ASIAuthenticationDialog.m in Sources */,
				C99084C112553E0500FC492A /* ASIDownloadCache.m in Sources */,
				C99084C212553E0500FC492A /* ASIFormDataRequest.m in Sources */,
				C99084C312553E0500FC492A /* ASIHTTPRequest.m in Sources */,
				C99084C412553E0500FC492A /* ASIInputStream.m in Sources */,
				C99084C512553E0500FC492A /* ASINetworkQueue.m in Sources */,
				C99084C612553E0500FC492A /* Reachability.m in Sources */,
			);
			runOnlyForDeploymentPostprocessing = 0;
		};
/* End PBXSourcesBuildPhase section */

/* Begin XCBuildConfiguration section */
		1D6058940D05DD3E006BFB54 /* Debug */ = {
			isa = XCBuildConfiguration;
			buildSettings = {
				ALWAYS_SEARCH_USER_PATHS = NO;
				COPY_PHASE_STRIP = NO;
				FRAMEWORK_SEARCH_PATHS = (
					"$(inherited)",
					"\"$(SDKROOT)$(SYSTEM_LIBRARY_DIR)/PrivateFrameworks\"",
				);
				GCC_DYNAMIC_NO_PIC = NO;
				GCC_OPTIMIZATION_LEVEL = 0;
				GCC_PRECOMPILE_PREFIX_HEADER = YES;
				GCC_PREFIX_HEADER = funrun_Prefix.pch;
				INFOPLIST_FILE = "funrun-Info.plist";
				IPHONEOS_DEPLOYMENT_TARGET = 4.0;
				PRODUCT_NAME = funrun;
			};
			name = Debug;
		};
		1D6058950D05DD3E006BFB54 /* Release */ = {
			isa = XCBuildConfiguration;
			buildSettings = {
				ALWAYS_SEARCH_USER_PATHS = NO;
				COPY_PHASE_STRIP = YES;
				FRAMEWORK_SEARCH_PATHS = (
					"$(inherited)",
					"\"$(SDKROOT)$(SYSTEM_LIBRARY_DIR)/PrivateFrameworks\"",
				);
				GCC_PRECOMPILE_PREFIX_HEADER = YES;
				GCC_PREFIX_HEADER = funrun_Prefix.pch;
				INFOPLIST_FILE = "funrun-Info.plist";
				PRODUCT_NAME = funrun;
				VALIDATE_PRODUCT = YES;
			};
			name = Release;
		};
		C01FCF4F08A954540054247B /* Debug */ = {
			isa = XCBuildConfiguration;
			buildSettings = {
				ARCHS = "$(ARCHS_STANDARD_32_BIT)";
				"CODE_SIGN_IDENTITY[sdk=iphoneos*]" = "iPhone Developer";
				GCC_C_LANGUAGE_STANDARD = c99;
				GCC_WARN_ABOUT_RETURN_TYPE = YES;
				GCC_WARN_UNUSED_VARIABLE = YES;
				PREBINDING = NO;
				SDKROOT = iphoneos;
			};
			name = Debug;
		};
		C01FCF5008A954540054247B /* Release */ = {
			isa = XCBuildConfiguration;
			buildSettings = {
				ARCHS = "$(ARCHS_STANDARD_32_BIT)";
				"CODE_SIGN_IDENTITY[sdk=iphoneos*]" = "iPhone Developer";
				GCC_C_LANGUAGE_STANDARD = c99;
				GCC_WARN_ABOUT_RETURN_TYPE = YES;
				GCC_WARN_UNUSED_VARIABLE = YES;
				OTHER_CFLAGS = "-DNS_BLOCK_ASSERTIONS=1";
				PREBINDING = NO;
				SDKROOT = iphoneos;
			};
			name = Release;
		};
/* End XCBuildConfiguration section */

/* Begin XCConfigurationList section */
		1D6058960D05DD3E006BFB54 /* Build configuration list for PBXNativeTarget "funrun" */ = {
			isa = XCConfigurationList;
			buildConfigurations = (
				1D6058940D05DD3E006BFB54 /* Debug */,
				1D6058950D05DD3E006BFB54 /* Release */,
			);
			defaultConfigurationIsVisible = 0;
			defaultConfigurationName = Release;
		};
		C01FCF4E08A954540054247B /* Build configuration list for PBXProject "funrun" */ = {
			isa = XCConfigurationList;
			buildConfigurations = (
				C01FCF4F08A954540054247B /* Debug */,
				C01FCF5008A954540054247B /* Release */,
			);
			defaultConfigurationIsVisible = 0;
			defaultConfigurationName = Release;
		};
/* End XCConfigurationList section */
	};
	rootObject = 29B97313FDCFA39411CA2CEA /* Project object */;
}
